
Microsoft Visual Studio Solution File, Format Version 12.00
# Visual Studio Version 16
VisualStudioVersion = 16.0.30309.148
MinimumVisualStudioVersion = 10.0.40219.1
Project("{9A19103F-16F7-4668-BE54-9A1E7A4F7556}") = "Proyecto_final_pro_3", "Proyecto_final_pro_3.csproj", "{13242B7E-0814-40F3-8DEF-AC5D8F89A04E}"
EndProject
Global
	GlobalSection(SolutionConfigurationPlatforms) = preSolution
		Debug|Any CPU = Debug|Any CPU
		Release|Any CPU = Release|Any CPU
	EndGlobalSection
	GlobalSection(ProjectConfigurationPlatforms) = postSolution
		{13242B7E-0814-40F3-8DEF-AC5D8F89A04E}.Debug|Any CPU.ActiveCfg = Debug|Any CPU
		{13242B7E-0814-40F3-8DEF-AC5D8F89A04E}.Debug|Any CPU.Build.0 = Debug|Any CPU
		{13242B7E-0814-40F3-8DEF-AC5D8F89A04E}.Release|Any CPU.ActiveCfg = Release|Any CPU
		{13242B7E-0814-40F3-8DEF-AC5D8F89A04E}.Release|Any CPU.Build.0 = Release|Any CPU
	EndGlobalSection
	GlobalSection(SolutionProperties) = preSolution
		HideSolutionNode = FALSE
	EndGlobalSection
	GlobalSection(ExtensibilityGlobals) = postSolution
		SolutionGuid = {7ADEC5FC-F5DD-41EB-8491-69644E201D71}
	EndGlobalSection
EndGlobal
